// !$*UTF8*$!
{
	archiveVersion = 1;
	classes = {
	};
	objectVersion = 46;
	objects = {

/* Begin PBXBuildFile section */
		07C650A11BC8F17A00914FA0 /* AppDelegate.swift in Sources */ = {isa = PBXBuildFile; fileRef = 07C650A01BC8F17A00914FA0 /* AppDelegate.swift */; };
		07C650A31BC8F17A00914FA0 /* InitialViewController.swift in Sources */ = {isa = PBXBuildFile; fileRef = 07C650A21BC8F17A00914FA0 /* InitialViewController.swift */; };
		07C650A61BC8F17A00914FA0 /* Main.storyboard in Resources */ = {isa = PBXBuildFile; fileRef = 07C650A41BC8F17A00914FA0 /* Main.storyboard */; };
		07C650A81BC8F17A00914FA0 /* Assets.xcassets in Resources */ = {isa = PBXBuildFile; fileRef = 07C650A71BC8F17A00914FA0 /* Assets.xcassets */; };
		07C650AB1BC8F17A00914FA0 /* LaunchScreen.storyboard in Resources */ = {isa = PBXBuildFile; fileRef = 07C650A91BC8F17A00914FA0 /* LaunchScreen.storyboard */; };
		07C650B61BC8F6FA00914FA0 /* Task.swift in Sources */ = {isa = PBXBuildFile; fileRef = 07C650B51BC8F6FA00914FA0 /* Task.swift */; settings = {ASSET_TAGS = (); }; };
		07C650B81BC8F76600914FA0 /* User.swift in Sources */ = {isa = PBXBuildFile; fileRef = 07C650B71BC8F76600914FA0 /* User.swift */; settings = {ASSET_TAGS = (); }; };
		07C650BA1BC8FBB300914FA0 /* GlobalConstants.swift in Sources */ = {isa = PBXBuildFile; fileRef = 07C650B91BC8FBB300914FA0 /* GlobalConstants.swift */; settings = {ASSET_TAGS = (); }; };
		07C650BE1BC9162100914FA0 /* TabVC.swift in Sources */ = {isa = PBXBuildFile; fileRef = 07C650BD1BC9162100914FA0 /* TabVC.swift */; settings = {ASSET_TAGS = (); }; };
		942204F51BC9072400363A8A /* Parse.framework in Frameworks */ = {isa = PBXBuildFile; fileRef = 942204F41BC9072400363A8A /* Parse.framework */; settings = {ASSET_TAGS = (); }; };
		942204F71BC9072B00363A8A /* Bolts.framework in Frameworks */ = {isa = PBXBuildFile; fileRef = 942204F61BC9072B00363A8A /* Bolts.framework */; settings = {ASSET_TAGS = (); }; };
		942204F91BC907D900363A8A /* AudioToolbox.framework in Frameworks */ = {isa = PBXBuildFile; fileRef = 942204F81BC907D900363A8A /* AudioToolbox.framework */; };
		942204FB1BC907DF00363A8A /* CFNetwork.framework in Frameworks */ = {isa = PBXBuildFile; fileRef = 942204FA1BC907DF00363A8A /* CFNetwork.framework */; };
		942204FD1BC907E500363A8A /* CoreGraphics.framework in Frameworks */ = {isa = PBXBuildFile; fileRef = 942204FC1BC907E500363A8A /* CoreGraphics.framework */; };
		942204FF1BC907EA00363A8A /* CoreLocation.framework in Frameworks */ = {isa = PBXBuildFile; fileRef = 942204FE1BC907EA00363A8A /* CoreLocation.framework */; };
		942205011BC907F000363A8A /* QuartzCore.framework in Frameworks */ = {isa = PBXBuildFile; fileRef = 942205001BC907F000363A8A /* QuartzCore.framework */; };
		942205031BC907F900363A8A /* Security.framework in Frameworks */ = {isa = PBXBuildFile; fileRef = 942205021BC907F900363A8A /* Security.framework */; };
		942205071BC9080500363A8A /* SystemConfiguration.framework in Frameworks */ = {isa = PBXBuildFile; fileRef = 942205061BC9080500363A8A /* SystemConfiguration.framework */; };
		942205091BC9080B00363A8A /* libz.tbd in Frameworks */ = {isa = PBXBuildFile; fileRef = 942205081BC9080B00363A8A /* libz.tbd */; };
		9422050B1BC9081100363A8A /* libsqlite3.tbd in Frameworks */ = {isa = PBXBuildFile; fileRef = 9422050A1BC9081100363A8A /* libsqlite3.tbd */; };
		9422050D1BC90B0E00363A8A /* Team.swift in Sources */ = {isa = PBXBuildFile; fileRef = 9422050C1BC90B0E00363A8A /* Team.swift */; settings = {ASSET_TAGS = (); }; };
		9422050F1BC9186900363A8A /* ParseUI.framework in Frameworks */ = {isa = PBXBuildFile; fileRef = 9422050E1BC9186900363A8A /* ParseUI.framework */; settings = {ASSET_TAGS = (); }; };
		942205111BC91DDB00363A8A /* ParseLoginViewController.swift in Sources */ = {isa = PBXBuildFile; fileRef = 942205101BC91DDB00363A8A /* ParseLoginViewController.swift */; settings = {ASSET_TAGS = (); }; };
		942205191BC92A0700363A8A /* ParseSignUpVC.swift in Sources */ = {isa = PBXBuildFile; fileRef = 942205181BC92A0700363A8A /* ParseSignUpVC.swift */; settings = {ASSET_TAGS = (); }; };
/* End PBXBuildFile section */

/* Begin PBXFileReference section */
		07C6509D1BC8F17A00914FA0 /* Unit.app */ = {isa = PBXFileReference; explicitFileType = wrapper.application; includeInIndex = 0; path = Unit.app; sourceTree = BUILT_PRODUCTS_DIR; };
		07C650A01BC8F17A00914FA0 /* AppDelegate.swift */ = {isa = PBXFileReference; lastKnownFileType = sourcecode.swift; path = AppDelegate.swift; sourceTree = "<group>"; };
		07C650A21BC8F17A00914FA0 /* InitialViewController.swift */ = {isa = PBXFileReference; lastKnownFileType = sourcecode.swift; path = InitialViewController.swift; sourceTree = "<group>"; };
		07C650A51BC8F17A00914FA0 /* Base */ = {isa = PBXFileReference; lastKnownFileType = file.storyboard; name = Base; path = Base.lproj/Main.storyboard; sourceTree = "<group>"; };
		07C650A71BC8F17A00914FA0 /* Assets.xcassets */ = {isa = PBXFileReference; lastKnownFileType = folder.assetcatalog; path = Assets.xcassets; sourceTree = "<group>"; };
		07C650AA1BC8F17A00914FA0 /* Base */ = {isa = PBXFileReference; lastKnownFileType = file.storyboard; name = Base; path = Base.lproj/LaunchScreen.storyboard; sourceTree = "<group>"; };
		07C650AC1BC8F17A00914FA0 /* Info.plist */ = {isa = PBXFileReference; lastKnownFileType = text.plist.xml; path = Info.plist; sourceTree = "<group>"; };
		07C650B51BC8F6FA00914FA0 /* Task.swift */ = {isa = PBXFileReference; fileEncoding = 4; lastKnownFileType = sourcecode.swift; path = Task.swift; sourceTree = "<group>"; };
		07C650B71BC8F76600914FA0 /* User.swift */ = {isa = PBXFileReference; fileEncoding = 4; lastKnownFileType = sourcecode.swift; path = User.swift; sourceTree = "<group>"; };
		07C650B91BC8FBB300914FA0 /* GlobalConstants.swift */ = {isa = PBXFileReference; fileEncoding = 4; lastKnownFileType = sourcecode.swift; path = GlobalConstants.swift; sourceTree = "<group>"; };
		07C650BD1BC9162100914FA0 /* TabVC.swift */ = {isa = PBXFileReference; fileEncoding = 4; lastKnownFileType = sourcecode.swift; path = TabVC.swift; sourceTree = "<group>"; };
		942204F41BC9072400363A8A /* Parse.framework */ = {isa = PBXFileReference; lastKnownFileType = wrapper.framework; name = Parse.framework; path = Unit/Parse.framework; sourceTree = "<group>"; };
		942204F61BC9072B00363A8A /* Bolts.framework */ = {isa = PBXFileReference; lastKnownFileType = wrapper.framework; name = Bolts.framework; path = Unit/Bolts.framework; sourceTree = "<group>"; };
		942204F81BC907D900363A8A /* AudioToolbox.framework */ = {isa = PBXFileReference; lastKnownFileType = wrapper.framework; name = AudioToolbox.framework; path = System/Library/Frameworks/AudioToolbox.framework; sourceTree = SDKROOT; };
		942204FA1BC907DF00363A8A /* CFNetwork.framework */ = {isa = PBXFileReference; lastKnownFileType = wrapper.framework; name = CFNetwork.framework; path = System/Library/Frameworks/CFNetwork.framework; sourceTree = SDKROOT; };
		942204FC1BC907E500363A8A /* CoreGraphics.framework */ = {isa = PBXFileReference; lastKnownFileType = wrapper.framework; name = CoreGraphics.framework; path = System/Library/Frameworks/CoreGraphics.framework; sourceTree = SDKROOT; };
		942204FE1BC907EA00363A8A /* CoreLocation.framework */ = {isa = PBXFileReference; lastKnownFileType = wrapper.framework; name = CoreLocation.framework; path = System/Library/Frameworks/CoreLocation.framework; sourceTree = SDKROOT; };
		942205001BC907F000363A8A /* QuartzCore.framework */ = {isa = PBXFileReference; lastKnownFileType = wrapper.framework; name = QuartzCore.framework; path = System/Library/Frameworks/QuartzCore.framework; sourceTree = SDKROOT; };
		942205021BC907F900363A8A /* Security.framework */ = {isa = PBXFileReference; lastKnownFileType = wrapper.framework; name = Security.framework; path = System/Library/Frameworks/Security.framework; sourceTree = SDKROOT; };
		942205061BC9080500363A8A /* SystemConfiguration.framework */ = {isa = PBXFileReference; lastKnownFileType = wrapper.framework; name = SystemConfiguration.framework; path = System/Library/Frameworks/SystemConfiguration.framework; sourceTree = SDKROOT; };
		942205081BC9080B00363A8A /* libz.tbd */ = {isa = PBXFileReference; lastKnownFileType = "sourcecode.text-based-dylib-definition"; name = libz.tbd; path = usr/lib/libz.tbd; sourceTree = SDKROOT; };
		9422050A1BC9081100363A8A /* libsqlite3.tbd */ = {isa = PBXFileReference; lastKnownFileType = "sourcecode.text-based-dylib-definition"; name = libsqlite3.tbd; path = usr/lib/libsqlite3.tbd; sourceTree = SDKROOT; };
		9422050C1BC90B0E00363A8A /* Team.swift */ = {isa = PBXFileReference; fileEncoding = 4; lastKnownFileType = sourcecode.swift; path = Team.swift; sourceTree = "<group>"; };
		9422050E1BC9186900363A8A /* ParseUI.framework */ = {isa = PBXFileReference; lastKnownFileType = wrapper.framework; name = ParseUI.framework; path = Unit/ParseUI.framework; sourceTree = "<group>"; };
		942205101BC91DDB00363A8A /* ParseLoginViewController.swift */ = {isa = PBXFileReference; fileEncoding = 4; lastKnownFileType = sourcecode.swift; path = ParseLoginViewController.swift; sourceTree = "<group>"; };
		942205181BC92A0700363A8A /* ParseSignUpVC.swift */ = {isa = PBXFileReference; fileEncoding = 4; lastKnownFileType = sourcecode.swift; path = ParseSignUpVC.swift; sourceTree = "<group>"; };
/* End PBXFileReference section */

/* Begin PBXFrameworksBuildPhase section */
		07C6509A1BC8F17A00914FA0 /* Frameworks */ = {
			isa = PBXFrameworksBuildPhase;
			buildActionMask = 2147483647;
			files = (
				9422050B1BC9081100363A8A /* libsqlite3.tbd in Frameworks */,
				942205091BC9080B00363A8A /* libz.tbd in Frameworks */,
				942205071BC9080500363A8A /* SystemConfiguration.framework in Frameworks */,
				942205031BC907F900363A8A /* Security.framework in Frameworks */,
				942205011BC907F000363A8A /* QuartzCore.framework in Frameworks */,
				942204FF1BC907EA00363A8A /* CoreLocation.framework in Frameworks */,
				942204FD1BC907E500363A8A /* CoreGraphics.framework in Frameworks */,
				942204FB1BC907DF00363A8A /* CFNetwork.framework in Frameworks */,
				942204F91BC907D900363A8A /* AudioToolbox.framework in Frameworks */,
				942204F51BC9072400363A8A /* Parse.framework in Frameworks */,
				942204F71BC9072B00363A8A /* Bolts.framework in Frameworks */,
				9422050F1BC9186900363A8A /* ParseUI.framework in Frameworks */,
			);
			runOnlyForDeploymentPostprocessing = 0;
		};
/* End PBXFrameworksBuildPhase section */

/* Begin PBXGroup section */
		07C650941BC8F17A00914FA0 = {
			isa = PBXGroup;
			children = (
				942204F31BC9071800363A8A /* Frameworks */,
				07C6509F1BC8F17A00914FA0 /* Unit */,
				07C6509E1BC8F17A00914FA0 /* Products */,
			);
			sourceTree = "<group>";
		};
		07C6509E1BC8F17A00914FA0 /* Products */ = {
			isa = PBXGroup;
			children = (
				07C6509D1BC8F17A00914FA0 /* Unit.app */,
			);
			name = Products;
			sourceTree = "<group>";
		};
		07C6509F1BC8F17A00914FA0 /* Unit */ = {
			isa = PBXGroup;
			children = (
				07C650A91BC8F17A00914FA0 /* LaunchScreen.storyboard */,
				07C650A71BC8F17A00914FA0 /* Assets.xcassets */,
				07C650A41BC8F17A00914FA0 /* Main.storyboard */,
				07C650A01BC8F17A00914FA0 /* AppDelegate.swift */,
				07C650B91BC8FBB300914FA0 /* GlobalConstants.swift */,
				07C650B41BC8F6D900914FA0 /* Models */,
				07C650B21BC8F66600914FA0 /* VCs */,
				07C650B31BC8F67500914FA0 /* Support Files */,
			);
			path = Unit;
			sourceTree = "<group>";
		};
		07C650B21BC8F66600914FA0 /* VCs */ = {
			isa = PBXGroup;
			children = (
				942205181BC92A0700363A8A /* ParseSignUpVC.swift */,
				07C650BD1BC9162100914FA0 /* TabVC.swift */,
				07C650A21BC8F17A00914FA0 /* InitialViewController.swift */,
				942205101BC91DDB00363A8A /* ParseLoginViewController.swift */,
			);
			name = VCs;
			sourceTree = "<group>";
		};
		07C650B31BC8F67500914FA0 /* Support Files */ = {
			isa = PBXGroup;
			children = (
				07C650AC1BC8F17A00914FA0 /* Info.plist */,
			);
			name = "Support Files";
			sourceTree = "<group>";
		};
		07C650B41BC8F6D900914FA0 /* Models */ = {
			isa = PBXGroup;
			children = (
				07C650B51BC8F6FA00914FA0 /* Task.swift */,
				07C650B71BC8F76600914FA0 /* User.swift */,
				9422050C1BC90B0E00363A8A /* Team.swift */,
			);
			name = Models;
			sourceTree = "<group>";
		};
		942204F31BC9071800363A8A /* Frameworks */ = {
			isa = PBXGroup;
			children = (
				9422050E1BC9186900363A8A /* ParseUI.framework */,
				9422050A1BC9081100363A8A /* libsqlite3.tbd */,
				942205081BC9080B00363A8A /* libz.tbd */,
				942205061BC9080500363A8A /* SystemConfiguration.framework */,
				942205021BC907F900363A8A /* Security.framework */,
				942205001BC907F000363A8A /* QuartzCore.framework */,
				942204FE1BC907EA00363A8A /* CoreLocation.framework */,
				942204FC1BC907E500363A8A /* CoreGraphics.framework */,
				942204FA1BC907DF00363A8A /* CFNetwork.framework */,
				942204F81BC907D900363A8A /* AudioToolbox.framework */,
				942204F61BC9072B00363A8A /* Bolts.framework */,
				942204F41BC9072400363A8A /* Parse.framework */,
			);
			name = Frameworks;
			sourceTree = "<group>";
		};
/* End PBXGroup section */

/* Begin PBXNativeTarget section */
		07C6509C1BC8F17A00914FA0 /* Unit */ = {
			isa = PBXNativeTarget;
			buildConfigurationList = 07C650AF1BC8F17A00914FA0 /* Build configuration list for PBXNativeTarget "Unit" */;
			buildPhases = (
				07C650991BC8F17A00914FA0 /* Sources */,
				07C6509A1BC8F17A00914FA0 /* Frameworks */,
				07C6509B1BC8F17A00914FA0 /* Resources */,
			);
			buildRules = (
			);
			dependencies = (
			);
			name = Unit;
			productName = Unit;
			productReference = 07C6509D1BC8F17A00914FA0 /* Unit.app */;
			productType = "com.apple.product-type.application";
		};
/* End PBXNativeTarget section */

/* Begin PBXProject section */
		07C650951BC8F17A00914FA0 /* Project object */ = {
			isa = PBXProject;
			attributes = {
				LastUpgradeCheck = 0700;
				ORGANIZATIONNAME = TheDRE;
				TargetAttributes = {
					07C6509C1BC8F17A00914FA0 = {
						CreatedOnToolsVersion = 7.0.1;
						DevelopmentTeam = CWEESB29TK;
						SystemCapabilities = {
							com.apple.InAppPurchase = {
								enabled = 0;
							};
						};
					};
				};
			};
			buildConfigurationList = 07C650981BC8F17A00914FA0 /* Build configuration list for PBXProject "Unit" */;
			compatibilityVersion = "Xcode 3.2";
			developmentRegion = English;
			hasScannedForEncodings = 0;
			knownRegions = (
				en,
				Base,
			);
			mainGroup = 07C650941BC8F17A00914FA0;
			productRefGroup = 07C6509E1BC8F17A00914FA0 /* Products */;
			projectDirPath = "";
			projectRoot = "";
			targets = (
				07C6509C1BC8F17A00914FA0 /* Unit */,
			);
		};
/* End PBXProject section */

/* Begin PBXResourcesBuildPhase section */
		07C6509B1BC8F17A00914FA0 /* Resources */ = {
			isa = PBXResourcesBuildPhase;
			buildActionMask = 2147483647;
			files = (
				07C650AB1BC8F17A00914FA0 /* LaunchScreen.storyboard in Resources */,
				07C650A81BC8F17A00914FA0 /* Assets.xcassets in Resources */,
				07C650A61BC8F17A00914FA0 /* Main.storyboard in Resources */,
			);
			runOnlyForDeploymentPostprocessing = 0;
		};
/* End PBXResourcesBuildPhase section */

/* Begin PBXSourcesBuildPhase section */
		07C650991BC8F17A00914FA0 /* Sources */ = {
			isa = PBXSourcesBuildPhase;
			buildActionMask = 2147483647;
			files = (
				9422050D1BC90B0E00363A8A /* Team.swift in Sources */,
				07C650B81BC8F76600914FA0 /* User.swift in Sources */,
				07C650BE1BC9162100914FA0 /* TabVC.swift in Sources */,
				07C650A31BC8F17A00914FA0 /* InitialViewController.swift in Sources */,
				942205191BC92A0700363A8A /* ParseSignUpVC.swift in Sources */,
				07C650A31BC8F17A00914FA0 /* InitialViewController.swift in Sources */,
				942205111BC91DDB00363A8A /* ParseLoginViewController.swift in Sources */,
				07C650BA1BC8FBB300914FA0 /* GlobalConstants.swift in Sources */,
				07C650B61BC8F6FA00914FA0 /* Task.swift in Sources */,
				07C650A11BC8F17A00914FA0 /* AppDelegate.swift in Sources */,
			);
			runOnlyForDeploymentPostprocessing = 0;
		};
/* End PBXSourcesBuildPhase section */

/* Begin PBXVariantGroup section */
		07C650A41BC8F17A00914FA0 /* Main.storyboard */ = {
			isa = PBXVariantGroup;
			children = (
				07C650A51BC8F17A00914FA0 /* Base */,
			);
			name = Main.storyboard;
			sourceTree = "<group>";
		};
		07C650A91BC8F17A00914FA0 /* LaunchScreen.storyboard */ = {
			isa = PBXVariantGroup;
			children = (
				07C650AA1BC8F17A00914FA0 /* Base */,
			);
			name = LaunchScreen.storyboard;
			sourceTree = "<group>";
		};
/* End PBXVariantGroup section */

/* Begin XCBuildConfiguration section */
		07C650AD1BC8F17A00914FA0 /* Debug */ = {
			isa = XCBuildConfiguration;
			buildSettings = {
				ALWAYS_SEARCH_USER_PATHS = NO;
				CLANG_CXX_LANGUAGE_STANDARD = "gnu++0x";
				CLANG_CXX_LIBRARY = "libc++";
				CLANG_ENABLE_MODULES = YES;
				CLANG_ENABLE_OBJC_ARC = YES;
				CLANG_WARN_BOOL_CONVERSION = YES;
				CLANG_WARN_CONSTANT_CONVERSION = YES;
				CLANG_WARN_DIRECT_OBJC_ISA_USAGE = YES_ERROR;
				CLANG_WARN_EMPTY_BODY = YES;
				CLANG_WARN_ENUM_CONVERSION = YES;
				CLANG_WARN_INT_CONVERSION = YES;
				CLANG_WARN_OBJC_ROOT_CLASS = YES_ERROR;
				CLANG_WARN_UNREACHABLE_CODE = YES;
				CLANG_WARN__DUPLICATE_METHOD_MATCH = YES;
				"CODE_SIGN_IDENTITY[sdk=iphoneos*]" = "iPhone Developer";
				COPY_PHASE_STRIP = NO;
				DEBUG_INFORMATION_FORMAT = dwarf;
				ENABLE_STRICT_OBJC_MSGSEND = YES;
				ENABLE_TESTABILITY = YES;
				GCC_C_LANGUAGE_STANDARD = gnu99;
				GCC_DYNAMIC_NO_PIC = NO;
				GCC_NO_COMMON_BLOCKS = YES;
				GCC_OPTIMIZATION_LEVEL = 0;
				GCC_PREPROCESSOR_DEFINITIONS = (
					"DEBUG=1",
					"$(inherited)",
				);
				GCC_WARN_64_TO_32_BIT_CONVERSION = YES;
				GCC_WARN_ABOUT_RETURN_TYPE = YES_ERROR;
				GCC_WARN_UNDECLARED_SELECTOR = YES;
				GCC_WARN_UNINITIALIZED_AUTOS = YES_AGGRESSIVE;
				GCC_WARN_UNUSED_FUNCTION = YES;
				GCC_WARN_UNUSED_VARIABLE = YES;
				IPHONEOS_DEPLOYMENT_TARGET = 9.0;
				MTL_ENABLE_DEBUG_INFO = YES;
				ONLY_ACTIVE_ARCH = YES;
				SDKROOT = iphoneos;
				SWIFT_OPTIMIZATION_LEVEL = "-Onone";
			};
			name = Debug;
		};
		07C650AE1BC8F17A00914FA0 /* Release */ = {
			isa = XCBuildConfiguration;
			buildSettings = {
				ALWAYS_SEARCH_USER_PATHS = NO;
				CLANG_CXX_LANGUAGE_STANDARD = "gnu++0x";
				CLANG_CXX_LIBRARY = "libc++";
				CLANG_ENABLE_MODULES = YES;
				CLANG_ENABLE_OBJC_ARC = YES;
				CLANG_WARN_BOOL_CONVERSION = YES;
				CLANG_WARN_CONSTANT_CONVERSION = YES;
				CLANG_WARN_DIRECT_OBJC_ISA_USAGE = YES_ERROR;
				CLANG_WARN_EMPTY_BODY = YES;
				CLANG_WARN_ENUM_CONVERSION = YES;
				CLANG_WARN_INT_CONVERSION = YES;
				CLANG_WARN_OBJC_ROOT_CLASS = YES_ERROR;
				CLANG_WARN_UNREACHABLE_CODE = YES;
				CLANG_WARN__DUPLICATE_METHOD_MATCH = YES;
				"CODE_SIGN_IDENTITY[sdk=iphoneos*]" = "iPhone Developer";
				COPY_PHASE_STRIP = NO;
				DEBUG_INFORMATION_FORMAT = "dwarf-with-dsym";
				ENABLE_NS_ASSERTIONS = NO;
				ENABLE_STRICT_OBJC_MSGSEND = YES;
				GCC_C_LANGUAGE_STANDARD = gnu99;
				GCC_NO_COMMON_BLOCKS = YES;
				GCC_WARN_64_TO_32_BIT_CONVERSION = YES;
				GCC_WARN_ABOUT_RETURN_TYPE = YES_ERROR;
				GCC_WARN_UNDECLARED_SELECTOR = YES;
				GCC_WARN_UNINITIALIZED_AUTOS = YES_AGGRESSIVE;
				GCC_WARN_UNUSED_FUNCTION = YES;
				GCC_WARN_UNUSED_VARIABLE = YES;
				IPHONEOS_DEPLOYMENT_TARGET = 9.0;
				MTL_ENABLE_DEBUG_INFO = NO;
				SDKROOT = iphoneos;
				VALIDATE_PRODUCT = YES;
			};
			name = Release;
		};
		07C650B01BC8F17A00914FA0 /* Debug */ = {
			isa = XCBuildConfiguration;
			buildSettings = {
				ASSETCATALOG_COMPILER_APPICON_NAME = AppIcon;
				CODE_SIGN_IDENTITY = "iPhone Developer";
				FRAMEWORK_SEARCH_PATHS = (
					"$(inherited)",
					"$(PROJECT_DIR)/Unit",
				);
				INFOPLIST_FILE = Unit/Info.plist;
				LD_RUNPATH_SEARCH_PATHS = "$(inherited) @executable_path/Frameworks";
				PRODUCT_BUNDLE_IDENTIFIER = com.theDRE.Unit;
				PRODUCT_NAME = "$(TARGET_NAME)";
			};
			name = Debug;
		};
		07C650B11BC8F17A00914FA0 /* Release */ = {
			isa = XCBuildConfiguration;
			buildSettings = {
				ASSETCATALOG_COMPILER_APPICON_NAME = AppIcon;
				CODE_SIGN_IDENTITY = "iPhone Developer";
				FRAMEWORK_SEARCH_PATHS = (
					"$(inherited)",
					"$(PROJECT_DIR)/Unit",
				);
				INFOPLIST_FILE = Unit/Info.plist;
				LD_RUNPATH_SEARCH_PATHS = "$(inherited) @executable_path/Frameworks";
				PRODUCT_BUNDLE_IDENTIFIER = com.theDRE.Unit;
				PRODUCT_NAME = "$(TARGET_NAME)";
			};
			name = Release;
		};
/* End XCBuildConfiguration section */

/* Begin XCConfigurationList section */
		07C650981BC8F17A00914FA0 /* Build configuration list for PBXProject "Unit" */ = {
			isa = XCConfigurationList;
			buildConfigurations = (
				07C650AD1BC8F17A00914FA0 /* Debug */,
				07C650AE1BC8F17A00914FA0 /* Release */,
			);
			defaultConfigurationIsVisible = 0;
			defaultConfigurationName = Release;
		};
		07C650AF1BC8F17A00914FA0 /* Build configuration list for PBXNativeTarget "Unit" */ = {
			isa = XCConfigurationList;
			buildConfigurations = (
				07C650B01BC8F17A00914FA0 /* Debug */,
				07C650B11BC8F17A00914FA0 /* Release */,
			);
			defaultConfigurationIsVisible = 0;
			defaultConfigurationName = Release;
		};
/* End XCConfigurationList section */
	};
	rootObject = 07C650951BC8F17A00914FA0 /* Project object */;
}
